// !$*UTF8*$!
{
	archiveVersion = 1;
	classes = {
	};
	objectVersion = 56;
	objects = {

/* Begin PBXBuildFile section */
		65F212202BA186EA00D04274 /* AppDelegate.swift in Sources */ = {isa = PBXBuildFile; fileRef = 65F2121F2BA186EA00D04274 /* AppDelegate.swift */; };
		65F212222BA186EA00D04274 /* SceneDelegate.swift in Sources */ = {isa = PBXBuildFile; fileRef = 65F212212BA186EA00D04274 /* SceneDelegate.swift */; };
		65F212242BA186EA00D04274 /* ViewController.swift in Sources */ = {isa = PBXBuildFile; fileRef = 65F212232BA186EA00D04274 /* ViewController.swift */; };
		65F212272BA186EA00D04274 /* Main.storyboard in Resources */ = {isa = PBXBuildFile; fileRef = 65F212252BA186EA00D04274 /* Main.storyboard */; };
		65F212292BA186EC00D04274 /* Assets.xcassets in Resources */ = {isa = PBXBuildFile; fileRef = 65F212282BA186EC00D04274 /* Assets.xcassets */; };
		65F2122C2BA186EC00D04274 /* LaunchScreen.storyboard in Resources */ = {isa = PBXBuildFile; fileRef = 65F2122A2BA186EC00D04274 /* LaunchScreen.storyboard */; };
		65F212372BA186EC00D04274 /* HolidaysCenterTests.swift in Sources */ = {isa = PBXBuildFile; fileRef = 65F212362BA186EC00D04274 /* HolidaysCenterTests.swift */; };
		65F212412BA186EC00D04274 /* HolidaysCenterUITests.swift in Sources */ = {isa = PBXBuildFile; fileRef = 65F212402BA186EC00D04274 /* HolidaysCenterUITests.swift */; };
		65F212432BA186EC00D04274 /* HolidaysCenterUITestsLaunchTests.swift in Sources */ = {isa = PBXBuildFile; fileRef = 65F212422BA186EC00D04274 /* HolidaysCenterUITestsLaunchTests.swift */; };
/* End PBXBuildFile section */

/* Begin PBXContainerItemProxy section */
		65F212332BA186EC00D04274 /* PBXContainerItemProxy */ = {
			isa = PBXContainerItemProxy;
			containerPortal = 65F212142BA186EA00D04274 /* Project object */;
			proxyType = 1;
			remoteGlobalIDString = 65F2121B2BA186EA00D04274;
			remoteInfo = HolidaysCenter;
		};
		65F2123D2BA186EC00D04274 /* PBXContainerItemProxy */ = {
			isa = PBXContainerItemProxy;
			containerPortal = 65F212142BA186EA00D04274 /* Project object */;
			proxyType = 1;
			remoteGlobalIDString = 65F2121B2BA186EA00D04274;
			remoteInfo = HolidaysCenter;
		};
/* End PBXContainerItemProxy section */

/* Begin PBXFileReference section */
		65F2121C2BA186EA00D04274 /* HolidaysCenter.app */ = {isa = PBXFileReference; explicitFileType = wrapper.application; includeInIndex = 0; path = HolidaysCenter.app; sourceTree = BUILT_PRODUCTS_DIR; };
		65F2121F2BA186EA00D04274 /* AppDelegate.swift */ = {isa = PBXFileReference; lastKnownFileType = sourcecode.swift; path = AppDelegate.swift; sourceTree = "<group>"; };
		65F212212BA186EA00D04274 /* SceneDelegate.swift */ = {isa = PBXFileReference; lastKnownFileType = sourcecode.swift; path = SceneDelegate.swift; sourceTree = "<group>"; };
		65F212232BA186EA00D04274 /* ViewController.swift */ = {isa = PBXFileReference; lastKnownFileType = sourcecode.swift; path = ViewController.swift; sourceTree = "<group>"; };
		65F212262BA186EA00D04274 /* Base */ = {isa = PBXFileReference; lastKnownFileType = file.storyboard; name = Base; path = Base.lproj/Main.storyboard; sourceTree = "<group>"; };
		65F212282BA186EC00D04274 /* Assets.xcassets */ = {isa = PBXFileReference; lastKnownFileType = folder.assetcatalog; path = Assets.xcassets; sourceTree = "<group>"; };
		65F2122B2BA186EC00D04274 /* Base */ = {isa = PBXFileReference; lastKnownFileType = file.storyboard; name = Base; path = Base.lproj/LaunchScreen.storyboard; sourceTree = "<group>"; };
		65F2122D2BA186EC00D04274 /* Info.plist */ = {isa = PBXFileReference; lastKnownFileType = text.plist.xml; path = Info.plist; sourceTree = "<group>"; };
		65F212322BA186EC00D04274 /* HolidaysCenterTests.xctest */ = {isa = PBXFileReference; explicitFileType = wrapper.cfbundle; includeInIndex = 0; path = HolidaysCenterTests.xctest; sourceTree = BUILT_PRODUCTS_DIR; };
		65F212362BA186EC00D04274 /* HolidaysCenterTests.swift */ = {isa = PBXFileReference; lastKnownFileType = sourcecode.swift; path = HolidaysCenterTests.swift; sourceTree = "<group>"; };
		65F2123C2BA186EC00D04274 /* HolidaysCenterUITests.xctest */ = {isa = PBXFileReference; explicitFileType = wrapper.cfbundle; includeInIndex = 0; path = HolidaysCenterUITests.xctest; sourceTree = BUILT_PRODUCTS_DIR; };
		65F212402BA186EC00D04274 /* HolidaysCenterUITests.swift */ = {isa = PBXFileReference; lastKnownFileType = sourcecode.swift; path = HolidaysCenterUITests.swift; sourceTree = "<group>"; };
		65F212422BA186EC00D04274 /* HolidaysCenterUITestsLaunchTests.swift */ = {isa = PBXFileReference; lastKnownFileType = sourcecode.swift; path = HolidaysCenterUITestsLaunchTests.swift; sourceTree = "<group>"; };
/* End PBXFileReference section */

/* Begin PBXFrameworksBuildPhase section */
		65F212192BA186EA00D04274 /* Frameworks */ = {
			isa = PBXFrameworksBuildPhase;
			buildActionMask = 2147483647;
			files = (
			);
			runOnlyForDeploymentPostprocessing = 0;
		};
		65F2122F2BA186EC00D04274 /* Frameworks */ = {
			isa = PBXFrameworksBuildPhase;
			buildActionMask = 2147483647;
			files = (
			);
			runOnlyForDeploymentPostprocessing = 0;
		};
		65F212392BA186EC00D04274 /* Frameworks */ = {
			isa = PBXFrameworksBuildPhase;
			buildActionMask = 2147483647;
			files = (
			);
			runOnlyForDeploymentPostprocessing = 0;
		};
/* End PBXFrameworksBuildPhase section */

/* Begin PBXGroup section */
		65F212132BA186EA00D04274 = {
			isa = PBXGroup;
			children = (
				65F2121E2BA186EA00D04274 /* HolidaysCenter */,
				65F212352BA186EC00D04274 /* HolidaysCenterTests */,
				65F2123F2BA186EC00D04274 /* HolidaysCenterUITests */,
				65F2121D2BA186EA00D04274 /* Products */,
			);
			sourceTree = "<group>";
		};
		65F2121D2BA186EA00D04274 /* Products */ = {
			isa = PBXGroup;
			children = (
				65F2121C2BA186EA00D04274 /* HolidaysCenter.app */,
				65F212322BA186EC00D04274 /* HolidaysCenterTests.xctest */,
				65F2123C2BA186EC00D04274 /* HolidaysCenterUITests.xctest */,
			);
			name = Products;
			sourceTree = "<group>";
		};
		65F2121E2BA186EA00D04274 /* HolidaysCenter */ = {
			isa = PBXGroup;
			children = (
				65F2121F2BA186EA00D04274 /* AppDelegate.swift */,
				65F212212BA186EA00D04274 /* SceneDelegate.swift */,
				65F212232BA186EA00D04274 /* ViewController.swift */,
				65F212252BA186EA00D04274 /* Main.storyboard */,
				65F212282BA186EC00D04274 /* Assets.xcassets */,
				65F2122A2BA186EC00D04274 /* LaunchScreen.storyboard */,
				65F2122D2BA186EC00D04274 /* Info.plist */,
			);
			path = HolidaysCenter;
			sourceTree = "<group>";
		};
		65F212352BA186EC00D04274 /* HolidaysCenterTests */ = {
			isa = PBXGroup;
			children = (
				65F212362BA186EC00D04274 /* HolidaysCenterTests.swift */,
			);
			path = HolidaysCenterTests;
			sourceTree = "<group>";
		};
		65F2123F2BA186EC00D04274 /* HolidaysCenterUITests */ = {
			isa = PBXGroup;
			children = (
				65F212402BA186EC00D04274 /* HolidaysCenterUITests.swift */,
				65F212422BA186EC00D04274 /* HolidaysCenterUITestsLaunchTests.swift */,
			);
			path = HolidaysCenterUITests;
			sourceTree = "<group>";
		};
/* End PBXGroup section */

/* Begin PBXNativeTarget section */
		65F2121B2BA186EA00D04274 /* HolidaysCenter */ = {
			isa = PBXNativeTarget;
			buildConfigurationList = 65F212462BA186EC00D04274 /* Build configuration list for PBXNativeTarget "HolidaysCenter" */;
			buildPhases = (
				65F212182BA186EA00D04274 /* Sources */,
				65F212192BA186EA00D04274 /* Frameworks */,
				65F2121A2BA186EA00D04274 /* Resources */,
			);
			buildRules = (
			);
			dependencies = (
			);
			name = HolidaysCenter;
			productName = HolidaysCenter;
			productReference = 65F2121C2BA186EA00D04274 /* HolidaysCenter.app */;
			productType = "com.apple.product-type.application";
		};
		65F212312BA186EC00D04274 /* HolidaysCenterTests */ = {
			isa = PBXNativeTarget;
			buildConfigurationList = 65F212492BA186EC00D04274 /* Build configuration list for PBXNativeTarget "HolidaysCenterTests" */;
			buildPhases = (
				65F2122E2BA186EC00D04274 /* Sources */,
				65F2122F2BA186EC00D04274 /* Frameworks */,
				65F212302BA186EC00D04274 /* Resources */,
			);
			buildRules = (
			);
			dependencies = (
				65F212342BA186EC00D04274 /* PBXTargetDependency */,
			);
			name = HolidaysCenterTests;
			productName = HolidaysCenterTests;
			productReference = 65F212322BA186EC00D04274 /* HolidaysCenterTests.xctest */;
			productType = "com.apple.product-type.bundle.unit-test";
		};
		65F2123B2BA186EC00D04274 /* HolidaysCenterUITests */ = {
			isa = PBXNativeTarget;
			buildConfigurationList = 65F2124C2BA186EC00D04274 /* Build configuration list for PBXNativeTarget "HolidaysCenterUITests" */;
			buildPhases = (
				65F212382BA186EC00D04274 /* Sources */,
				65F212392BA186EC00D04274 /* Frameworks */,
				65F2123A2BA186EC00D04274 /* Resources */,
			);
			buildRules = (
			);
			dependencies = (
				65F2123E2BA186EC00D04274 /* PBXTargetDependency */,
			);
			name = HolidaysCenterUITests;
			productName = HolidaysCenterUITests;
			productReference = 65F2123C2BA186EC00D04274 /* HolidaysCenterUITests.xctest */;
			productType = "com.apple.product-type.bundle.ui-testing";
		};
/* End PBXNativeTarget section */

/* Begin PBXProject section */
		65F212142BA186EA00D04274 /* Project object */ = {
			isa = PBXProject;
			attributes = {
				BuildIndependentTargetsInParallel = 1;
				LastSwiftUpdateCheck = 1500;
				LastUpgradeCheck = 1500;
				TargetAttributes = {
					65F2121B2BA186EA00D04274 = {
						CreatedOnToolsVersion = 15.0.1;
					};
					65F212312BA186EC00D04274 = {
						CreatedOnToolsVersion = 15.0.1;
						TestTargetID = 65F2121B2BA186EA00D04274;
					};
					65F2123B2BA186EC00D04274 = {
						CreatedOnToolsVersion = 15.0.1;
						TestTargetID = 65F2121B2BA186EA00D04274;
					};
				};
			};
			buildConfigurationList = 65F212172BA186EA00D04274 /* Build configuration list for PBXProject "HolidaysCenter" */;
			compatibilityVersion = "Xcode 14.0";
			developmentRegion = en;
			hasScannedForEncodings = 0;
			knownRegions = (
				en,
				Base,
			);
			mainGroup = 65F212132BA186EA00D04274;
			productRefGroup = 65F2121D2BA186EA00D04274 /* Products */;
			projectDirPath = "";
			projectRoot = "";
			targets = (
				65F2121B2BA186EA00D04274 /* HolidaysCenter */,
				65F212312BA186EC00D04274 /* HolidaysCenterTests */,
				65F2123B2BA186EC00D04274 /* HolidaysCenterUITests */,
			);
		};
/* End PBXProject section */

/* Begin PBXResourcesBuildPhase section */
		65F2121A2BA186EA00D04274 /* Resources */ = {
			isa = PBXResourcesBuildPhase;
			buildActionMask = 2147483647;
			files = (
				65F2122C2BA186EC00D04274 /* LaunchScreen.storyboard in Resources */,
				65F212292BA186EC00D04274 /* Assets.xcassets in Resources */,
				65F212272BA186EA00D04274 /* Main.storyboard in Resources */,
			);
			runOnlyForDeploymentPostprocessing = 0;
		};
		65F212302BA186EC00D04274 /* Resources */ = {
			isa = PBXResourcesBuildPhase;
			buildActionMask = 2147483647;
			files = (
			);
			runOnlyForDeploymentPostprocessing = 0;
		};
		65F2123A2BA186EC00D04274 /* Resources */ = {
			isa = PBXResourcesBuildPhase;
			buildActionMask = 2147483647;
			files = (
			);
			runOnlyForDeploymentPostprocessing = 0;
		};
/* End PBXResourcesBuildPhase section */

/* Begin PBXSourcesBuildPhase section */
		65F212182BA186EA00D04274 /* Sources */ = {
			isa = PBXSourcesBuildPhase;
			buildActionMask = 2147483647;
			files = (
				65F212242BA186EA00D04274 /* ViewController.swift in Sources */,
				65F212202BA186EA00D04274 /* AppDelegate.swift in Sources */,
				65F212222BA186EA00D04274 /* SceneDelegate.swift in Sources */,
			);
			runOnlyForDeploymentPostprocessing = 0;
		};
		65F2122E2BA186EC00D04274 /* Sources */ = {
			isa = PBXSourcesBuildPhase;
			buildActionMask = 2147483647;
			files = (
				65F212372BA186EC00D04274 /* HolidaysCenterTests.swift in Sources */,
			);
			runOnlyForDeploymentPostprocessing = 0;
		};
		65F212382BA186EC00D04274 /* Sources */ = {
			isa = PBXSourcesBuildPhase;
			buildActionMask = 2147483647;
			files = (
				65F212432BA186EC00D04274 /* HolidaysCenterUITestsLaunchTests.swift in Sources */,
				65F212412BA186EC00D04274 /* HolidaysCenterUITests.swift in Sources */,
			);
			runOnlyForDeploymentPostprocessing = 0;
		};
/* End PBXSourcesBuildPhase section */

/* Begin PBXTargetDependency section */
		65F212342BA186EC00D04274 /* PBXTargetDependency */ = {
			isa = PBXTargetDependency;
			target = 65F2121B2BA186EA00D04274 /* HolidaysCenter */;
			targetProxy = 65F212332BA186EC00D04274 /* PBXContainerItemProxy */;
		};
		65F2123E2BA186EC00D04274 /* PBXTargetDependency */ = {
			isa = PBXTargetDependency;
			target = 65F2121B2BA186EA00D04274 /* HolidaysCenter */;
			targetProxy = 65F2123D2BA186EC00D04274 /* PBXContainerItemProxy */;
		};
/* End PBXTargetDependency section */

/* Begin PBXVariantGroup section */
		65F212252BA186EA00D04274 /* Main.storyboard */ = {
			isa = PBXVariantGroup;
			children = (
				65F212262BA186EA00D04274 /* Base */,
			);
			name = Main.storyboard;
			sourceTree = "<group>";
		};
		65F2122A2BA186EC00D04274 /* LaunchScreen.storyboard */ = {
			isa = PBXVariantGroup;
			children = (
				65F2122B2BA186EC00D04274 /* Base */,
			);
			name = LaunchScreen.storyboard;
			sourceTree = "<group>";
		};
/* End PBXVariantGroup section */

/* Begin XCBuildConfiguration section */
		65F212442BA186EC00D04274 /* Debug */ = {
			isa = XCBuildConfiguration;
			buildSettings = {
				ALWAYS_SEARCH_USER_PATHS = NO;
				ASSETCATALOG_COMPILER_GENERATE_SWIFT_ASSET_SYMBOL_EXTENSIONS = YES;
				CLANG_ANALYZER_NONNULL = YES;
				CLANG_ANALYZER_NUMBER_OBJECT_CONVERSION = YES_AGGRESSIVE;
				CLANG_CXX_LANGUAGE_STANDARD = "gnu++20";
				CLANG_ENABLE_MODULES = YES;
				CLANG_ENABLE_OBJC_ARC = YES;
				CLANG_ENABLE_OBJC_WEAK = YES;
				CLANG_WARN_BLOCK_CAPTURE_AUTORELEASING = YES;
				CLANG_WARN_BOOL_CONVERSION = YES;
				CLANG_WARN_COMMA = YES;
				CLANG_WARN_CONSTANT_CONVERSION = YES;
				CLANG_WARN_DEPRECATED_OBJC_IMPLEMENTATIONS = YES;
				CLANG_WARN_DIRECT_OBJC_ISA_USAGE = YES_ERROR;
				CLANG_WARN_DOCUMENTATION_COMMENTS = YES;
				CLANG_WARN_EMPTY_BODY = YES;
				CLANG_WARN_ENUM_CONVERSION = YES;
				CLANG_WARN_INFINITE_RECURSION = YES;
				CLANG_WARN_INT_CONVERSION = YES;
				CLANG_WARN_NON_LITERAL_NULL_CONVERSION = YES;
				CLANG_WARN_OBJC_IMPLICIT_RETAIN_SELF = YES;
				CLANG_WARN_OBJC_LITERAL_CONVERSION = YES;
				CLANG_WARN_OBJC_ROOT_CLASS = YES_ERROR;
				CLANG_WARN_QUOTED_INCLUDE_IN_FRAMEWORK_HEADER = YES;
				CLANG_WARN_RANGE_LOOP_ANALYSIS = YES;
				CLANG_WARN_STRICT_PROTOTYPES = YES;
				CLANG_WARN_SUSPICIOUS_MOVE = YES;
				CLANG_WARN_UNGUARDED_AVAILABILITY = YES_AGGRESSIVE;
				CLANG_WARN_UNREACHABLE_CODE = YES;
				CLANG_WARN__DUPLICATE_METHOD_MATCH = YES;
				COPY_PHASE_STRIP = NO;
				DEBUG_INFORMATION_FORMAT = dwarf;
				ENABLE_STRICT_OBJC_MSGSEND = YES;
				ENABLE_TESTABILITY = YES;
				ENABLE_USER_SCRIPT_SANDBOXING = YES;
				GCC_C_LANGUAGE_STANDARD = gnu17;
				GCC_DYNAMIC_NO_PIC = NO;
				GCC_NO_COMMON_BLOCKS = YES;
				GCC_OPTIMIZATION_LEVEL = 0;
				GCC_PREPROCESSOR_DEFINITIONS = (
					"DEBUG=1",
					"$(inherited)",
				);
				GCC_WARN_64_TO_32_BIT_CONVERSION = YES;
				GCC_WARN_ABOUT_RETURN_TYPE = YES_ERROR;
				GCC_WARN_UNDECLARED_SELECTOR = YES;
				GCC_WARN_UNINITIALIZED_AUTOS = YES_AGGRESSIVE;
				GCC_WARN_UNUSED_FUNCTION = YES;
				GCC_WARN_UNUSED_VARIABLE = YES;
				IPHONEOS_DEPLOYMENT_TARGET = 17.0;
				LOCALIZATION_PREFERS_STRING_CATALOGS = YES;
				MTL_ENABLE_DEBUG_INFO = INCLUDE_SOURCE;
				MTL_FAST_MATH = YES;
				ONLY_ACTIVE_ARCH = YES;
				SDKROOT = iphoneos;
				SWIFT_ACTIVE_COMPILATION_CONDITIONS = "DEBUG $(inherited)";
				SWIFT_OPTIMIZATION_LEVEL = "-Onone";
			};
			name = Debug;
		};
		65F212452BA186EC00D04274 /* Release */ = {
			isa = XCBuildConfiguration;
			buildSettings = {
				ALWAYS_SEARCH_USER_PATHS = NO;
				ASSETCATALOG_COMPILER_GENERATE_SWIFT_ASSET_SYMBOL_EXTENSIONS = YES;
				CLANG_ANALYZER_NONNULL = YES;
				CLANG_ANALYZER_NUMBER_OBJECT_CONVERSION = YES_AGGRESSIVE;
				CLANG_CXX_LANGUAGE_STANDARD = "gnu++20";
				CLANG_ENABLE_MODULES = YES;
				CLANG_ENABLE_OBJC_ARC = YES;
				CLANG_ENABLE_OBJC_WEAK = YES;
				CLANG_WARN_BLOCK_CAPTURE_AUTORELEASING = YES;
				CLANG_WARN_BOOL_CONVERSION = YES;
				CLANG_WARN_COMMA = YES;
				CLANG_WARN_CONSTANT_CONVERSION = YES;
				CLANG_WARN_DEPRECATED_OBJC_IMPLEMENTATIONS = YES;
				CLANG_WARN_DIRECT_OBJC_ISA_USAGE = YES_ERROR;
				CLANG_WARN_DOCUMENTATION_COMMENTS = YES;
				CLANG_WARN_EMPTY_BODY = YES;
				CLANG_WARN_ENUM_CONVERSION = YES;
				CLANG_WARN_INFINITE_RECURSION = YES;
				CLANG_WARN_INT_CONVERSION = YES;
				CLANG_WARN_NON_LITERAL_NULL_CONVERSION = YES;
				CLANG_WARN_OBJC_IMPLICIT_RETAIN_SELF = YES;
				CLANG_WARN_OBJC_LITERAL_CONVERSION = YES;
				CLANG_WARN_OBJC_ROOT_CLASS = YES_ERROR;
				CLANG_WARN_QUOTED_INCLUDE_IN_FRAMEWORK_HEADER = YES;
				CLANG_WARN_RANGE_LOOP_ANALYSIS = YES;
				CLANG_WARN_STRICT_PROTOTYPES = YES;
				CLANG_WARN_SUSPICIOUS_MOVE = YES;
				CLANG_WARN_UNGUARDED_AVAILABILITY = YES_AGGRESSIVE;
				CLANG_WARN_UNREACHABLE_CODE = YES;
				CLANG_WARN__DUPLICATE_METHOD_MATCH = YES;
				COPY_PHASE_STRIP = NO;
				DEBUG_INFORMATION_FORMAT = "dwarf-with-dsym";
				ENABLE_NS_ASSERTIONS = NO;
				ENABLE_STRICT_OBJC_MSGSEND = YES;
				ENABLE_USER_SCRIPT_SANDBOXING = YES;
				GCC_C_LANGUAGE_STANDARD = gnu17;
				GCC_NO_COMMON_BLOCKS = YES;
				GCC_WARN_64_TO_32_BIT_CONVERSION = YES;
				GCC_WARN_ABOUT_RETURN_TYPE = YES_ERROR;
				GCC_WARN_UNDECLARED_SELECTOR = YES;
				GCC_WARN_UNINITIALIZED_AUTOS = YES_AGGRESSIVE;
				GCC_WARN_UNUSED_FUNCTION = YES;
				GCC_WARN_UNUSED_VARIABLE = YES;
				IPHONEOS_DEPLOYMENT_TARGET = 17.0;
				LOCALIZATION_PREFERS_STRING_CATALOGS = YES;
				MTL_ENABLE_DEBUG_INFO = NO;
				MTL_FAST_MATH = YES;
				SDKROOT = iphoneos;
				SWIFT_COMPILATION_MODE = wholemodule;
				VALIDATE_PRODUCT = YES;
			};
			name = Release;
		};
		65F212472BA186EC00D04274 /* Debug */ = {
			isa = XCBuildConfiguration;
			buildSettings = {
				ASSETCATALOG_COMPILER_APPICON_NAME = AppIcon;
				ASSETCATALOG_COMPILER_GLOBAL_ACCENT_COLOR_NAME = AccentColor;
				CODE_SIGN_STYLE = Automatic;
				CURRENT_PROJECT_VERSION = 1;
				DEVELOPMENT_TEAM = 5TLY5PME9K;
				GENERATE_INFOPLIST_FILE = YES;
				INFOPLIST_FILE = HolidaysCenter/Info.plist;
				INFOPLIST_KEY_UIApplicationSupportsIndirectInputEvents = YES;
				INFOPLIST_KEY_UILaunchStoryboardName = LaunchScreen;
				INFOPLIST_KEY_UIMainStoryboardFile = Main;
				INFOPLIST_KEY_UISupportedInterfaceOrientations_iPad = "UIInterfaceOrientationPortrait UIInterfaceOrientationPortraitUpsideDown UIInterfaceOrientationLandscapeLeft UIInterfaceOrientationLandscapeRight";
				INFOPLIST_KEY_UISupportedInterfaceOrientations_iPhone = "UIInterfaceOrientationPortrait UIInterfaceOrientationLandscapeLeft UIInterfaceOrientationLandscapeRight";
				LD_RUNPATH_SEARCH_PATHS = (
					"$(inherited)",
					"@executable_path/Frameworks",
				);
				MARKETING_VERSION = 1.0;
				PRODUCT_BUNDLE_IDENTIFIER = com.HolidaysCenter.HolidaysCenter;
				PRODUCT_NAME = "$(TARGET_NAME)";
				SWIFT_EMIT_LOC_STRINGS = YES;
				SWIFT_VERSION = 5.0;
				TARGETED_DEVICE_FAMILY = "1,2";
			};
			name = Debug;
		};
		65F212482BA186EC00D04274 /* Release */ = {
			isa = XCBuildConfiguration;
			buildSettings = {
				ASSETCATALOG_COMPILER_APPICON_NAME = AppIcon;
				ASSETCATALOG_COMPILER_GLOBAL_ACCENT_COLOR_NAME = AccentColor;
				CODE_SIGN_STYLE = Automatic;
				CURRENT_PROJECT_VERSION = 1;
				DEVELOPMENT_TEAM = 5TLY5PME9K;
				GENERATE_INFOPLIST_FILE = YES;
				INFOPLIST_FILE = HolidaysCenter/Info.plist;
				INFOPLIST_KEY_UIApplicationSupportsIndirectInputEvents = YES;
				INFOPLIST_KEY_UILaunchStoryboardName = LaunchScreen;
				INFOPLIST_KEY_UIMainStoryboardFile = Main;
				INFOPLIST_KEY_UISupportedInterfaceOrientations_iPad = "UIInterfaceOrientationPortrait UIInterfaceOrientationPortraitUpsideDown UIInterfaceOrientationLandscapeLeft UIInterfaceOrientationLandscapeRight";
				INFOPLIST_KEY_UISupportedInterfaceOrientations_iPhone = "UIInterfaceOrientationPortrait UIInterfaceOrientationLandscapeLeft UIInterfaceOrientationLandscapeRight";
				LD_RUNPATH_SEARCH_PATHS = (
					"$(inherited)",
					"@executable_path/Frameworks",
				);
				MARKETING_VERSION = 1.0;
				PRODUCT_BUNDLE_IDENTIFIER = com.HolidaysCenter.HolidaysCenter;
				PRODUCT_NAME = "$(TARGET_NAME)";
				SWIFT_EMIT_LOC_STRINGS = YES;
				SWIFT_VERSION = 5.0;
				TARGETED_DEVICE_FAMILY = "1,2";
			};
			name = Release;
		};
		65F2124A2BA186EC00D04274 /* Debug */ = {
			isa = XCBuildConfiguration;
			buildSettings = {
				ALWAYS_EMBED_SWIFT_STANDARD_LIBRARIES = YES;
				BUNDLE_LOADER = "$(TEST_HOST)";
				CODE_SIGN_STYLE = Automatic;
				CURRENT_PROJECT_VERSION = 1;
				DEVELOPMENT_TEAM = 5TLY5PME9K;
				GENERATE_INFOPLIST_FILE = YES;
				IPHONEOS_DEPLOYMENT_TARGET = 17.0;
				MARKETING_VERSION = 1.0;
				PRODUCT_BUNDLE_IDENTIFIER = com.HolidaysCenter.HolidaysCenterTests;
				PRODUCT_NAME = "$(TARGET_NAME)";
				SWIFT_EMIT_LOC_STRINGS = NO;
				SWIFT_VERSION = 5.0;
				TARGETED_DEVICE_FAMILY = "1,2";
				TEST_HOST = "$(BUILT_PRODUCTS_DIR)/HolidaysCenter.app/$(BUNDLE_EXECUTABLE_FOLDER_PATH)/HolidaysCenter";
			};
			name = Debug;
		};
		65F2124B2BA186EC00D04274 /* Release */ = {
			isa = XCBuildConfiguration;
			buildSettings = {
				ALWAYS_EMBED_SWIFT_STANDARD_LIBRARIES = YES;
				BUNDLE_LOADER = "$(TEST_HOST)";
				CODE_SIGN_STYLE = Automatic;
				CURRENT_PROJECT_VERSION = 1;
				DEVELOPMENT_TEAM = 5TLY5PME9K;
				GENERATE_INFOPLIST_FILE = YES;
				IPHONEOS_DEPLOYMENT_TARGET = 17.0;
				MARKETING_VERSION = 1.0;
				PRODUCT_BUNDLE_IDENTIFIER = com.HolidaysCenter.HolidaysCenterTests;
				PRODUCT_NAME = "$(TARGET_NAME)";
				SWIFT_EMIT_LOC_STRINGS = NO;
				SWIFT_VERSION = 5.0;
				TARGETED_DEVICE_FAMILY = "1,2";
				TEST_HOST = "$(BUILT_PRODUCTS_DIR)/HolidaysCenter.app/$(BUNDLE_EXECUTABLE_FOLDER_PATH)/HolidaysCenter";
			};
			name = Release;
		};
		65F2124D2BA186EC00D04274 /* Debug */ = {
			isa = XCBuildConfiguration;
			buildSettings = {
				ALWAYS_EMBED_SWIFT_STANDARD_LIBRARIES = YES;
				CODE_SIGN_STYLE = Automatic;
				CURRENT_PROJECT_VERSION = 1;
				DEVELOPMENT_TEAM = 5TLY5PME9K;
				GENERATE_INFOPLIST_FILE = YES;
				MARKETING_VERSION = 1.0;
				PRODUCT_BUNDLE_IDENTIFIER = com.HolidaysCenter.HolidaysCenterUITests;
				PRODUCT_NAME = "$(TARGET_NAME)";
				SWIFT_EMIT_LOC_STRINGS = NO;
				SWIFT_VERSION = 5.0;
				TARGETED_DEVICE_FAMILY = "1,2";
				TEST_TARGET_NAME = HolidaysCenter;
			};
			name = Debug;
		};
		65F2124E2BA186EC00D04274 /* Release */ = {
			isa = XCBuildConfiguration;
			buildSettings = {
				ALWAYS_EMBED_SWIFT_STANDARD_LIBRARIES = YES;
				CODE_SIGN_STYLE = Automatic;
				CURRENT_PROJECT_VERSION = 1;
				DEVELOPMENT_TEAM = 5TLY5PME9K;
				GENERATE_INFOPLIST_FILE = YES;
				MARKETING_VERSION = 1.0;
				PRODUCT_BUNDLE_IDENTIFIER = com.HolidaysCenter.HolidaysCenterUITests;
				PRODUCT_NAME = "$(TARGET_NAME)";
				SWIFT_EMIT_LOC_STRINGS = NO;
				SWIFT_VERSION = 5.0;
				TARGETED_DEVICE_FAMILY = "1,2";
				TEST_TARGET_NAME = HolidaysCenter;
			};
			name = Release;
		};
/* End XCBuildConfiguration section */

/* Begin XCConfigurationList section */
		65F212172BA186EA00D04274 /* Build configuration list for PBXProject "HolidaysCenter" */ = {
			isa = XCConfigurationList;
			buildConfigurations = (
				65F212442BA186EC00D04274 /* Debug */,
				65F212452BA186EC00D04274 /* Release */,
			);
			defaultConfigurationIsVisible = 0;
			defaultConfigurationName = Release;
		};
		65F212462BA186EC00D04274 /* Build configuration list for PBXNativeTarget "HolidaysCenter" */ = {
			isa = XCConfigurationList;
			buildConfigurations = (
				65F212472BA186EC00D04274 /* Debug */,
				65F212482BA186EC00D04274 /* Release */,
			);
			defaultConfigurationIsVisible = 0;
			defaultConfigurationName = Release;
		};
		65F212492BA186EC00D04274 /* Build configuration list for PBXNativeTarget "HolidaysCenterTests" */ = {
			isa = XCConfigurationList;
			buildConfigurations = (
				65F2124A2BA186EC00D04274 /* Debug */,
				65F2124B2BA186EC00D04274 /* Release */,
			);
			defaultConfigurationIsVisible = 0;
			defaultConfigurationName = Release;
		};
		65F2124C2BA186EC00D04274 /* Build configuration list for PBXNativeTarget "HolidaysCenterUITests" */ = {
			isa = XCConfigurationList;
			buildConfigurations = (
				65F2124D2BA186EC00D04274 /* Debug */,
				65F2124E2BA186EC00D04274 /* Release */,
			);
			defaultConfigurationIsVisible = 0;
			defaultConfigurationName = Release;
		};
/* End XCConfigurationList section */
	};
	rootObject = 65F212142BA186EA00D04274 /* Project object */;
}
